
Microsoft Visual Studio Solution File, Format Version 12.00
# Visual Studio 15
VisualStudioVersion = 15.0.27130.2036
MinimumVisualStudioVersion = 10.0.40219.1
Project("{FAE04EC0-301F-11D3-BF4B-00C04F79EFBC}") = "RGott.Interop", "RGott.Interop\RGott.Interop.csproj", "{3B007136-8116-4431-B083-441E688F1303}"
EndProject
Project("{FAE04EC0-301F-11D3-BF4B-00C04F79EFBC}") = "RGott", "RGott\RGott.csproj", "{CF66EE36-552A-49FB-886F-A2C41E35CC02}"
EndProject
Project("{FAE04EC0-301F-11D3-BF4B-00C04F79EFBC}") = "RGott.CSharp", "RGott.CSharp\RGott.CSharp.csproj", "{F76DDCD7-D09C-44F0-A4CB-AE9CA8CBE3C5}"
EndProject
Global
	GlobalSection(SolutionConfigurationPlatforms) = preSolution
		Debug|Any CPU = Debug|Any CPU
		Release|Any CPU = Release|Any CPU
	EndGlobalSection
	GlobalSection(ProjectConfigurationPlatforms) = postSolution
		{3B007136-8116-4431-B083-441E688F1303}.Debug|Any CPU.ActiveCfg = Debug|Any CPU
		{3B007136-8116-4431-B083-441E688F1303}.Debug|Any CPU.Build.0 = Debug|Any CPU
		{3B007136-8116-4431-B083-441E688F1303}.Release|Any CPU.ActiveCfg = Release|Any CPU
		{3B007136-8116-4431-B083-441E688F1303}.Release|Any CPU.Build.0 = Release|Any CPU
		{CF66EE36-552A-49FB-886F-A2C41E35CC02}.Debug|Any CPU.ActiveCfg = Debug|Any CPU
		{CF66EE36-552A-49FB-886F-A2C41E35CC02}.Debug|Any CPU.Build.0 = Debug|Any CPU
		{CF66EE36-552A-49FB-886F-A2C41E35CC02}.Release|Any CPU.ActiveCfg = Release|Any CPU
		{CF66EE36-552A-49FB-886F-A2C41E35CC02}.Release|Any CPU.Build.0 = Release|Any CPU
		{F76DDCD7-D09C-44F0-A4CB-AE9CA8CBE3C5}.Debug|Any CPU.ActiveCfg = Debug|Any CPU
		{F76DDCD7-D09C-44F0-A4CB-AE9CA8CBE3C5}.Debug|Any CPU.Build.0 = Debug|Any CPU
		{F76DDCD7-D09C-44F0-A4CB-AE9CA8CBE3C5}.Release|Any CPU.ActiveCfg = Release|Any CPU
		{F76DDCD7-D09C-44F0-A4CB-AE9CA8CBE3C5}.Release|Any CPU.Build.0 = Release|Any CPU
	EndGlobalSection
	GlobalSection(SolutionProperties) = preSolution
		HideSolutionNode = FALSE
	EndGlobalSection
	GlobalSection(ExtensibilityGlobals) = postSolution
		SolutionGuid = {4DBC4EF4-9F71-4C31-8FBA-1484E3142E0D}
	EndGlobalSection
EndGlobal
