
Microsoft Visual Studio Solution File, Format Version 12.00
# Visual Studio 15
VisualStudioVersion = 15.0.27130.2036
MinimumVisualStudioVersion = 10.0.40219.1
Project("{9A19103F-16F7-4668-BE54-9A1E7A4F7556}") = "RGott.CSharp", "RGott.CSharp\RGott.CSharp.csproj", "{F76DDCD7-D09C-44F0-A4CB-AE9CA8CBE3C5}"
EndProject
Project("{778DAE3C-4631-46EA-AA77-85C1314464D9}") = "RGott.VisualBasic", "RGott.VisualBasic\RGott.VisualBasic.vbproj", "{F3A10843-DDA1-49B4-931A-E5C3EC2CF29D}"
EndProject
Project("{6EC3EE1D-3C4E-46DD-8F32-0CC8E7565705}") = "RGott.FSharp", "RGott.FSharp\RGott.FSharp.fsproj", "{ED991197-AD73-44CB-B916-55C4EA177EA2}"
EndProject
Project("{8BC9CEB8-8B4A-11D0-8D11-00A0C91BC942}") = "RGott.CPlusPlus", "RGott.CPlusPlus\RGott.CPlusPlus.vcxproj", "{E97D681E-528C-4BF3-96E8-F59F234F8B4D}"
EndProject
Project("{FAE04EC0-301F-11D3-BF4B-00C04F79EFBC}") = "RGott.Interop", "RGott.Interop\RGott.Interop.csproj", "{BF086DCD-4A3C-42B1-9B23-D49BCC17CD96}"
EndProject
Project("{FAE04EC0-301F-11D3-BF4B-00C04F79EFBC}") = "RGott", "RGott\RGott.csproj", "{7278800D-E50D-4D63-9C9E-3821D1DDEE57}"
EndProject
Project("{8BC9CEB8-8B4A-11D0-8D11-00A0C91BC942}") = "RGott.CPlusPlus.Managed", "RGott.CPlusPlus.Managed\RGott.CPlusPlus.Managed.vcxproj", "{17C0F66F-12D4-4ECB-8E74-4EE5A409FE34}"
EndProject
Global
	GlobalSection(SolutionConfigurationPlatforms) = preSolution
		Debug|Any CPU = Debug|Any CPU
		Debug|x64 = Debug|x64
		Debug|x86 = Debug|x86
		Release|Any CPU = Release|Any CPU
		Release|x64 = Release|x64
		Release|x86 = Release|x86
	EndGlobalSection
	GlobalSection(ProjectConfigurationPlatforms) = postSolution
		{F76DDCD7-D09C-44F0-A4CB-AE9CA8CBE3C5}.Debug|Any CPU.ActiveCfg = Debug|Any CPU
		{F76DDCD7-D09C-44F0-A4CB-AE9CA8CBE3C5}.Debug|Any CPU.Build.0 = Debug|Any CPU
		{F76DDCD7-D09C-44F0-A4CB-AE9CA8CBE3C5}.Debug|x64.ActiveCfg = Debug|x64
		{F76DDCD7-D09C-44F0-A4CB-AE9CA8CBE3C5}.Debug|x64.Build.0 = Debug|x64
		{F76DDCD7-D09C-44F0-A4CB-AE9CA8CBE3C5}.Debug|x86.ActiveCfg = Debug|x86
		{F76DDCD7-D09C-44F0-A4CB-AE9CA8CBE3C5}.Debug|x86.Build.0 = Debug|x86
		{F76DDCD7-D09C-44F0-A4CB-AE9CA8CBE3C5}.Release|Any CPU.ActiveCfg = Release|Any CPU
		{F76DDCD7-D09C-44F0-A4CB-AE9CA8CBE3C5}.Release|Any CPU.Build.0 = Release|Any CPU
		{F76DDCD7-D09C-44F0-A4CB-AE9CA8CBE3C5}.Release|x64.ActiveCfg = Release|Any CPU
		{F76DDCD7-D09C-44F0-A4CB-AE9CA8CBE3C5}.Release|x64.Build.0 = Release|Any CPU
		{F76DDCD7-D09C-44F0-A4CB-AE9CA8CBE3C5}.Release|x86.ActiveCfg = Release|Any CPU
		{F76DDCD7-D09C-44F0-A4CB-AE9CA8CBE3C5}.Release|x86.Build.0 = Release|Any CPU
		{F3A10843-DDA1-49B4-931A-E5C3EC2CF29D}.Debug|Any CPU.ActiveCfg = Debug|Any CPU
		{F3A10843-DDA1-49B4-931A-E5C3EC2CF29D}.Debug|Any CPU.Build.0 = Debug|Any CPU
		{F3A10843-DDA1-49B4-931A-E5C3EC2CF29D}.Debug|x64.ActiveCfg = Debug|x64
		{F3A10843-DDA1-49B4-931A-E5C3EC2CF29D}.Debug|x64.Build.0 = Debug|x64
		{F3A10843-DDA1-49B4-931A-E5C3EC2CF29D}.Debug|x86.ActiveCfg = Debug|x86
		{F3A10843-DDA1-49B4-931A-E5C3EC2CF29D}.Debug|x86.Build.0 = Debug|x86
		{F3A10843-DDA1-49B4-931A-E5C3EC2CF29D}.Release|Any CPU.ActiveCfg = Release|Any CPU
		{F3A10843-DDA1-49B4-931A-E5C3EC2CF29D}.Release|Any CPU.Build.0 = Release|Any CPU
		{F3A10843-DDA1-49B4-931A-E5C3EC2CF29D}.Release|x64.ActiveCfg = Release|Any CPU
		{F3A10843-DDA1-49B4-931A-E5C3EC2CF29D}.Release|x64.Build.0 = Release|Any CPU
		{F3A10843-DDA1-49B4-931A-E5C3EC2CF29D}.Release|x86.ActiveCfg = Release|Any CPU
		{F3A10843-DDA1-49B4-931A-E5C3EC2CF29D}.Release|x86.Build.0 = Release|Any CPU
		{ED991197-AD73-44CB-B916-55C4EA177EA2}.Debug|Any CPU.ActiveCfg = Debug|Any CPU
		{ED991197-AD73-44CB-B916-55C4EA177EA2}.Debug|Any CPU.Build.0 = Debug|Any CPU
		{ED991197-AD73-44CB-B916-55C4EA177EA2}.Debug|x64.ActiveCfg = Debug|x64
		{ED991197-AD73-44CB-B916-55C4EA177EA2}.Debug|x64.Build.0 = Debug|x64
		{ED991197-AD73-44CB-B916-55C4EA177EA2}.Debug|x86.ActiveCfg = Debug|x86
		{ED991197-AD73-44CB-B916-55C4EA177EA2}.Debug|x86.Build.0 = Debug|x86
		{ED991197-AD73-44CB-B916-55C4EA177EA2}.Release|Any CPU.ActiveCfg = Release|Any CPU
		{ED991197-AD73-44CB-B916-55C4EA177EA2}.Release|Any CPU.Build.0 = Release|Any CPU
		{ED991197-AD73-44CB-B916-55C4EA177EA2}.Release|x64.ActiveCfg = Release|Any CPU
		{ED991197-AD73-44CB-B916-55C4EA177EA2}.Release|x64.Build.0 = Release|Any CPU
		{ED991197-AD73-44CB-B916-55C4EA177EA2}.Release|x86.ActiveCfg = Release|Any CPU
		{ED991197-AD73-44CB-B916-55C4EA177EA2}.Release|x86.Build.0 = Release|Any CPU
		{E97D681E-528C-4BF3-96E8-F59F234F8B4D}.Debug|Any CPU.ActiveCfg = Debug|Win32
		{E97D681E-528C-4BF3-96E8-F59F234F8B4D}.Debug|Any CPU.Build.0 = Debug|Win32
		{E97D681E-528C-4BF3-96E8-F59F234F8B4D}.Debug|x64.ActiveCfg = Debug|x64
		{E97D681E-528C-4BF3-96E8-F59F234F8B4D}.Debug|x64.Build.0 = Debug|x64
		{E97D681E-528C-4BF3-96E8-F59F234F8B4D}.Debug|x86.ActiveCfg = Debug|Win32
		{E97D681E-528C-4BF3-96E8-F59F234F8B4D}.Debug|x86.Build.0 = Debug|Win32
		{E97D681E-528C-4BF3-96E8-F59F234F8B4D}.Release|Any CPU.ActiveCfg = Release|x64
		{E97D681E-528C-4BF3-96E8-F59F234F8B4D}.Release|Any CPU.Build.0 = Release|x64
		{E97D681E-528C-4BF3-96E8-F59F234F8B4D}.Release|x64.ActiveCfg = Release|x64
		{E97D681E-528C-4BF3-96E8-F59F234F8B4D}.Release|x64.Build.0 = Release|x64
		{E97D681E-528C-4BF3-96E8-F59F234F8B4D}.Release|x86.ActiveCfg = Release|Win32
		{E97D681E-528C-4BF3-96E8-F59F234F8B4D}.Release|x86.Build.0 = Release|Win32
		{BF086DCD-4A3C-42B1-9B23-D49BCC17CD96}.Debug|Any CPU.ActiveCfg = Debug|Any CPU
		{BF086DCD-4A3C-42B1-9B23-D49BCC17CD96}.Debug|Any CPU.Build.0 = Debug|Any CPU
		{BF086DCD-4A3C-42B1-9B23-D49BCC17CD96}.Debug|x64.ActiveCfg = Debug|x64
		{BF086DCD-4A3C-42B1-9B23-D49BCC17CD96}.Debug|x64.Build.0 = Debug|x64
		{BF086DCD-4A3C-42B1-9B23-D49BCC17CD96}.Debug|x86.ActiveCfg = Debug|x86
		{BF086DCD-4A3C-42B1-9B23-D49BCC17CD96}.Debug|x86.Build.0 = Debug|x86
		{BF086DCD-4A3C-42B1-9B23-D49BCC17CD96}.Release|Any CPU.ActiveCfg = Release|Any CPU
		{BF086DCD-4A3C-42B1-9B23-D49BCC17CD96}.Release|Any CPU.Build.0 = Release|Any CPU
		{BF086DCD-4A3C-42B1-9B23-D49BCC17CD96}.Release|x64.ActiveCfg = Release|Any CPU
		{BF086DCD-4A3C-42B1-9B23-D49BCC17CD96}.Release|x64.Build.0 = Release|Any CPU
		{BF086DCD-4A3C-42B1-9B23-D49BCC17CD96}.Release|x86.ActiveCfg = Release|Any CPU
		{BF086DCD-4A3C-42B1-9B23-D49BCC17CD96}.Release|x86.Build.0 = Release|Any CPU
		{7278800D-E50D-4D63-9C9E-3821D1DDEE57}.Debug|Any CPU.ActiveCfg = Debug|Any CPU
		{7278800D-E50D-4D63-9C9E-3821D1DDEE57}.Debug|Any CPU.Build.0 = Debug|Any CPU
		{7278800D-E50D-4D63-9C9E-3821D1DDEE57}.Debug|x64.ActiveCfg = Debug|Any CPU
		{7278800D-E50D-4D63-9C9E-3821D1DDEE57}.Debug|x64.Build.0 = Debug|Any CPU
		{7278800D-E50D-4D63-9C9E-3821D1DDEE57}.Debug|x86.ActiveCfg = Debug|Any CPU
		{7278800D-E50D-4D63-9C9E-3821D1DDEE57}.Debug|x86.Build.0 = Debug|Any CPU
		{7278800D-E50D-4D63-9C9E-3821D1DDEE57}.Release|Any CPU.ActiveCfg = Release|Any CPU
		{7278800D-E50D-4D63-9C9E-3821D1DDEE57}.Release|Any CPU.Build.0 = Release|Any CPU
		{7278800D-E50D-4D63-9C9E-3821D1DDEE57}.Release|x64.ActiveCfg = Release|Any CPU
		{7278800D-E50D-4D63-9C9E-3821D1DDEE57}.Release|x64.Build.0 = Release|Any CPU
		{7278800D-E50D-4D63-9C9E-3821D1DDEE57}.Release|x86.ActiveCfg = Release|Any CPU
		{7278800D-E50D-4D63-9C9E-3821D1DDEE57}.Release|x86.Build.0 = Release|Any CPU
		{17C0F66F-12D4-4ECB-8E74-4EE5A409FE34}.Debug|Any CPU.ActiveCfg = Debug|Win32
		{17C0F66F-12D4-4ECB-8E74-4EE5A409FE34}.Debug|x64.ActiveCfg = Debug|x64
		{17C0F66F-12D4-4ECB-8E74-4EE5A409FE34}.Debug|x64.Build.0 = Debug|x64
		{17C0F66F-12D4-4ECB-8E74-4EE5A409FE34}.Debug|x86.ActiveCfg = Debug|Win32
		{17C0F66F-12D4-4ECB-8E74-4EE5A409FE34}.Debug|x86.Build.0 = Debug|Win32
		{17C0F66F-12D4-4ECB-8E74-4EE5A409FE34}.Release|Any CPU.ActiveCfg = Release|Win32
		{17C0F66F-12D4-4ECB-8E74-4EE5A409FE34}.Release|x64.ActiveCfg = Release|x64
		{17C0F66F-12D4-4ECB-8E74-4EE5A409FE34}.Release|x64.Build.0 = Release|x64
		{17C0F66F-12D4-4ECB-8E74-4EE5A409FE34}.Release|x86.ActiveCfg = Release|Win32
		{17C0F66F-12D4-4ECB-8E74-4EE5A409FE34}.Release|x86.Build.0 = Release|Win32
	EndGlobalSection
	GlobalSection(SolutionProperties) = preSolution
		HideSolutionNode = FALSE
	EndGlobalSection
	GlobalSection(ExtensibilityGlobals) = postSolution
		SolutionGuid = {4DBC4EF4-9F71-4C31-8FBA-1484E3142E0D}
	EndGlobalSection
EndGlobal
